
Microsoft Visual Studio Solution File, Format Version 12.00
# Visual Studio Version 17
VisualStudioVersion = 17.5.33627.172
MinimumVisualStudioVersion = 10.0.40219.1
Project("{9A19103F-16F7-4668-BE54-9A1E7A4F7556}") = "BlazorApp2", "BlazorApp2\BlazorApp2.csproj", "{E0409418-6645-49F4-99E6-A73ED6986949}"
EndProject
Project("{9A19103F-16F7-4668-BE54-9A1E7A4F7556}") = "DataAccessLibrary", "DataAccessLibrary\DataAccessLibrary.csproj", "{1E37BF1A-3FD0-498D-8794-7FA46335BEA7}"
EndProject
Global
	GlobalSection(SolutionConfigurationPlatforms) = preSolution
		Debug|Any CPU = Debug|Any CPU
		Release|Any CPU = Release|Any CPU
	EndGlobalSection
	GlobalSection(ProjectConfigurationPlatforms) = postSolution
		{E0409418-6645-49F4-99E6-A73ED6986949}.Debug|Any CPU.ActiveCfg = Debug|Any CPU
		{E0409418-6645-49F4-99E6-A73ED6986949}.Debug|Any CPU.Build.0 = Debug|Any CPU
		{E0409418-6645-49F4-99E6-A73ED6986949}.Release|Any CPU.ActiveCfg = Release|Any CPU
		{E0409418-6645-49F4-99E6-A73ED6986949}.Release|Any CPU.Build.0 = Release|Any CPU
		{1E37BF1A-3FD0-498D-8794-7FA46335BEA7}.Debug|Any CPU.ActiveCfg = Debug|Any CPU
		{1E37BF1A-3FD0-498D-8794-7FA46335BEA7}.Debug|Any CPU.Build.0 = Debug|Any CPU
		{1E37BF1A-3FD0-498D-8794-7FA46335BEA7}.Release|Any CPU.ActiveCfg = Release|Any CPU
		{1E37BF1A-3FD0-498D-8794-7FA46335BEA7}.Release|Any CPU.Build.0 = Release|Any CPU
	EndGlobalSection
	GlobalSection(SolutionProperties) = preSolution
		HideSolutionNode = FALSE
	EndGlobalSection
	GlobalSection(ExtensibilityGlobals) = postSolution
		SolutionGuid = {1B5BD8C7-68F0-4EA6-819E-5911DC7A3430}
	EndGlobalSection
EndGlobal
